# @generated - this file is auto-generated by `mise lock` https://mise.jdx.dev/dev-tools/mise-lock.html

[[tools."aqua:pnpm/pnpm"]]
version = "12.1.0"
backend = "aqua:pnpm/pnpm"

[tools."aqua:pnpm/pnpm"."platforms.linux-arm64"]
checksum = "sha256:24b202af01579ae885c8b3dc39a29c03d418a0c85eea274a969b216612abcd07"
url = "https://github.com/pnpm/pnpm/releases/download/v12.1.0/pnpm-linux-arm64.tar.gz"
url_api = "https://api.github.com/repos/pnpm/pnpm/releases/assets/535294455"
provenance = "github-attestations"

[tools."aqua:pnpm/pnpm"."platforms.linux-arm64-musl"]
checksum = "sha256:3915f1d07d0fa4331b2d16582610027ff313c5c4c71e4ce3c50551abb96228b4"
url = "https://github.com/pnpm/pnpm/releases/download/v12.1.0/pnpm-linux-arm64-musl.tar.gz"
url_api = "https://api.github.com/repos/pnpm/pnpm/releases/assets/535294453"
provenance = "github-attestations"

[tools."aqua:pnpm/pnpm"."platforms.linux-x64"]
checksum = "sha256:ef4c3e31c8f6e587c9f04ca4b42b63d47f331247930617304ffa63354c11db79"
url = "https://github.com/pnpm/pnpm/releases/download/v12.1.0/pnpm-linux-x64.tar.gz"
url_api = "https://api.github.com/repos/pnpm/pnpm/releases/assets/535294449"
provenance = "github-attestations"

[tools."aqua:pnpm/pnpm"."platforms.linux-x64-musl"]
checksum = "sha256:177e01657b485c5af47d50469efb2fae7ad43461f6157755d3dbef9aa44ebf3d"
url = "https://github.com/pnpm/pnpm/releases/download/v12.1.0/pnpm-linux-x64-musl.tar.gz"
url_api = "https://api.github.com/repos/pnpm/pnpm/releases/assets/535294454"
provenance = "github-attestations"

[tools."aqua:pnpm/pnpm"."platforms.macos-arm64"]
checksum = "sha256:927542783706b6966b6792f263b9b958dcd9909c5174965cd1aae0f4ab7f613c"
url = "https://github.com/pnpm/pnpm/releases/download/v12.1.0/pnpm-darwin-arm64.tar.gz"
url_api = "https://api.github.com/repos/pnpm/pnpm/releases/assets/535294450"
provenance = "github-attestations"

[tools."aqua:pnpm/pnpm"."platforms.windows-x64"]
checksum = "sha256:69c0d1d46cdc12bbefad653e859636179927aed292f9af286460a0d38d1d99d2"
url = "https://github.com/pnpm/pnpm/releases/download/v12.1.0/pnpm-win32-x64.zip"
url_api = "https://api.github.com/repos/pnpm/pnpm/releases/assets/535294452"
provenance = "github-attestations"

[[tools."aqua:rhysd/actionlint"]]
version = "1.7.12"
backend = "aqua:rhysd/actionlint"

[tools."aqua:rhysd/actionlint"."platforms.linux-arm64"]
checksum = "sha256:325e971b6ba9bfa504672e29be93c24981eeb1c07576d730e9f7c8805afff0c6"
url = "https://github.com/rhysd/actionlint/releases/download/v1.7.12/actionlint_1.7.12_linux_arm64.tar.gz"
url_api = "https://api.github.com/repos/rhysd/actionlint/releases/assets/384924897"
provenance = "github-attestations"

[tools."aqua:rhysd/actionlint"."platforms.linux-arm64-musl"]
checksum = "sha256:325e971b6ba9bfa504672e29be93c24981eeb1c07576d730e9f7c8805afff0c6"
url = "https://github.com/rhysd/actionlint/releases/download/v1.7.12/actionlint_1.7.12_linux_arm64.tar.gz"
url_api = "https://api.github.com/repos/rhysd/actionlint/releases/assets/384924897"
provenance = "github-attestations"

[tools."aqua:rhysd/actionlint"."platforms.linux-x64"]
checksum = "sha256:8aca8db96f1b94770f1b0d72b6dddcb1ebb8123cb3712530b08cc387b349a3d8"
url = "https://github.com/rhysd/actionlint/releases/download/v1.7.12/actionlint_1.7.12_linux_amd64.tar.gz"
url_api = "https://api.github.com/repos/rhysd/actionlint/releases/assets/384924896"
provenance = "github-attestations"

[tools."aqua:rhysd/actionlint"."platforms.linux-x64-musl"]
checksum = "sha256:8aca8db96f1b94770f1b0d72b6dddcb1ebb8123cb3712530b08cc387b349a3d8"
url = "https://github.com/rhysd/actionlint/releases/download/v1.7.12/actionlint_1.7.12_linux_amd64.tar.gz"
url_api = "https://api.github.com/repos/rhysd/actionlint/releases/assets/384924896"
provenance = "github-attestations"

[tools."aqua:rhysd/actionlint"."platforms.macos-arm64"]
checksum = "sha256:aba9ced2dee8d27fecca3dc7feb1a7f9a52caefa1eb46f3271ea66b6e0e6953f"
url = "https://github.com/rhysd/actionlint/releases/download/v1.7.12/actionlint_1.7.12_darwin_arm64.tar.gz"
url_api = "https://api.github.com/repos/rhysd/actionlint/releases/assets/384924893"
provenance = "github-attestations"

[tools."aqua:rhysd/actionlint"."platforms.macos-x64"]
checksum = "sha256:5b44c3bc2255115c9b69e30efc0fecdf498fdb63c5d58e17084fd5f16324c644"
url = "https://github.com/rhysd/actionlint/releases/download/v1.7.12/actionlint_1.7.12_darwin_amd64.tar.gz"
url_api = "https://api.github.com/repos/rhysd/actionlint/releases/assets/384924880"
provenance = "github-attestations"

[tools."aqua:rhysd/actionlint"."platforms.windows-x64"]
checksum = "sha256:6e7241b51e6817ea6a047693d8e6fed13b31819c9a0dd6c5a726e1592d22f6e9"
url = "https://github.com/rhysd/actionlint/releases/download/v1.7.12/actionlint_1.7.12_windows_amd64.zip"
url_api = "https://api.github.com/repos/rhysd/actionlint/releases/assets/384924919"
provenance = "github-attestations"

[[tools.node]]
version = "24.20.0"
backend = "core:node"

[tools.node."platforms.linux-arm64"]
checksum = "sha256:3515603e2487879a39bc75716f1a2affd027500c64ba50e845cf72cb33219013"
url = "https://nodejs.org/dist/v24.20.0/node-v24.20.0-linux-arm64.tar.gz"

[tools.node."platforms.linux-arm64-musl"]
checksum = "sha256:2c8c507ccb0f20812d9526ba8ca454b1652aadef68fc8bad06f07fb1122dd1ef"
url = "https://unofficial-builds.nodejs.org/download/release/v24.20.0/node-v24.20.0-linux-arm64-musl.tar.gz"

[tools.node."platforms.linux-x64"]
checksum = "sha256:855d581f8a4eb1a8117e3426de25fe02770592febcfb31369aee1ffbfee9e8ec"
url = "https://nodejs.org/dist/v24.20.0/node-v24.20.0-linux-x64.tar.gz"

[tools.node."platforms.linux-x64-musl"]
checksum = "sha256:9ae1399fef4bd8990e15773ce1327b336a20b9e97d8c7549f4f42ca73c43f562"
url = "https://unofficial-builds.nodejs.org/download/release/v24.20.0/node-v24.20.0-linux-x64-musl.tar.gz"

[tools.node."platforms.macos-arm64"]
checksum = "sha256:40e5607e5ecb3db9192723776da2d75d966260fc74a7a9e731c1bd67dda96bc8"
url = "https://nodejs.org/dist/v24.20.0/node-v24.20.0-darwin-arm64.tar.gz"

[tools.node."platforms.macos-x64"]
checksum = "sha256:9e5b2644cf107befb6aefca676b96d3296bc10138096f022ed378d6233ed81f4"
url = "https://nodejs.org/dist/v24.20.0/node-v24.20.0-darwin-x64.tar.gz"

[tools.node."platforms.windows-x64"]
checksum = "sha256:6cac9ffbca8f6a47091e4b5c772e0606049c3871cb67d900c0cedde630e545ba"
url = "https://nodejs.org/dist/v24.20.0/node-v24.20.0-win-x64.zip"
