# @generated - this file is auto-generated by `mise lock` https://mise.jdx.dev/dev-tools/mise-lock.html

[[tools."aqua:pnpm/pnpm"]]
version = "12.2.0"
backend = "aqua:pnpm/pnpm"

[tools."aqua:pnpm/pnpm"."platforms.linux-arm64"]
checksum = "sha256:73e232db72d5e59a8d3ab7ba37cb87cefd366e6072b206d13540ea92bd0b1946"
url = "https://github.com/pnpm/pnpm/releases/download/v12.2.0/pnpm-linux-arm64.tar.gz"
url_api = "https://api.github.com/repos/pnpm/pnpm/releases/assets/538674426"
provenance = "github-attestations"

[tools."aqua:pnpm/pnpm"."platforms.linux-arm64-musl"]
checksum = "sha256:ec95c34a8477727b78160af636a74aa67d5b5a09abd83d35de039f69b416d24c"
url = "https://github.com/pnpm/pnpm/releases/download/v12.2.0/pnpm-linux-arm64-musl.tar.gz"
url_api = "https://api.github.com/repos/pnpm/pnpm/releases/assets/538674430"
provenance = "github-attestations"

[tools."aqua:pnpm/pnpm"."platforms.linux-x64"]
checksum = "sha256:733325356d2f3de59a3d96f1964ec1680988c03b647794ee16f3e8de093cd231"
url = "https://github.com/pnpm/pnpm/releases/download/v12.2.0/pnpm-linux-x64.tar.gz"
url_api = "https://api.github.com/repos/pnpm/pnpm/releases/assets/538674433"
provenance = "github-attestations"

[tools."aqua:pnpm/pnpm"."platforms.linux-x64-musl"]
checksum = "sha256:7d11a4874b4a27926b1ce8b40d9352a9d8aa97c3fe07a1d5dd72a503489a4192"
url = "https://github.com/pnpm/pnpm/releases/download/v12.2.0/pnpm-linux-x64-musl.tar.gz"
url_api = "https://api.github.com/repos/pnpm/pnpm/releases/assets/538674425"
provenance = "github-attestations"

[tools."aqua:pnpm/pnpm"."platforms.macos-arm64"]
checksum = "sha256:7d343ea9b3c374113d21dcac29cedfb796113fee5084bc31b31e8601a2ce7a35"
url = "https://github.com/pnpm/pnpm/releases/download/v12.2.0/pnpm-darwin-arm64.tar.gz"
url_api = "https://api.github.com/repos/pnpm/pnpm/releases/assets/538674424"
provenance = "github-attestations"

[tools."aqua:pnpm/pnpm"."platforms.windows-x64"]
checksum = "sha256:fad58e6581be360d1d21bdeef514861569960f1579d97be3b17aedb2569047f4"
url = "https://github.com/pnpm/pnpm/releases/download/v12.2.0/pnpm-win32-x64.zip"
url_api = "https://api.github.com/repos/pnpm/pnpm/releases/assets/538674427"
provenance = "github-attestations"

[[tools."aqua:rhysd/actionlint"]]
version = "1.7.12"
backend = "aqua:rhysd/actionlint"

[tools."aqua:rhysd/actionlint"."platforms.linux-arm64"]
checksum = "sha256:325e971b6ba9bfa504672e29be93c24981eeb1c07576d730e9f7c8805afff0c6"
url = "https://github.com/rhysd/actionlint/releases/download/v1.7.12/actionlint_1.7.12_linux_arm64.tar.gz"
url_api = "https://api.github.com/repos/rhysd/actionlint/releases/assets/384924897"
provenance = "github-attestations"

[tools."aqua:rhysd/actionlint"."platforms.linux-arm64-musl"]
checksum = "sha256:325e971b6ba9bfa504672e29be93c24981eeb1c07576d730e9f7c8805afff0c6"
url = "https://github.com/rhysd/actionlint/releases/download/v1.7.12/actionlint_1.7.12_linux_arm64.tar.gz"
url_api = "https://api.github.com/repos/rhysd/actionlint/releases/assets/384924897"
provenance = "github-attestations"

[tools."aqua:rhysd/actionlint"."platforms.linux-x64"]
checksum = "sha256:8aca8db96f1b94770f1b0d72b6dddcb1ebb8123cb3712530b08cc387b349a3d8"
url = "https://github.com/rhysd/actionlint/releases/download/v1.7.12/actionlint_1.7.12_linux_amd64.tar.gz"
url_api = "https://api.github.com/repos/rhysd/actionlint/releases/assets/384924896"
provenance = "github-attestations"

[tools."aqua:rhysd/actionlint"."platforms.linux-x64-musl"]
checksum = "sha256:8aca8db96f1b94770f1b0d72b6dddcb1ebb8123cb3712530b08cc387b349a3d8"
url = "https://github.com/rhysd/actionlint/releases/download/v1.7.12/actionlint_1.7.12_linux_amd64.tar.gz"
url_api = "https://api.github.com/repos/rhysd/actionlint/releases/assets/384924896"
provenance = "github-attestations"

[tools."aqua:rhysd/actionlint"."platforms.macos-arm64"]
checksum = "sha256:aba9ced2dee8d27fecca3dc7feb1a7f9a52caefa1eb46f3271ea66b6e0e6953f"
url = "https://github.com/rhysd/actionlint/releases/download/v1.7.12/actionlint_1.7.12_darwin_arm64.tar.gz"
url_api = "https://api.github.com/repos/rhysd/actionlint/releases/assets/384924893"
provenance = "github-attestations"

[tools."aqua:rhysd/actionlint"."platforms.macos-x64"]
checksum = "sha256:5b44c3bc2255115c9b69e30efc0fecdf498fdb63c5d58e17084fd5f16324c644"
url = "https://github.com/rhysd/actionlint/releases/download/v1.7.12/actionlint_1.7.12_darwin_amd64.tar.gz"
url_api = "https://api.github.com/repos/rhysd/actionlint/releases/assets/384924880"
provenance = "github-attestations"

[tools."aqua:rhysd/actionlint"."platforms.windows-x64"]
checksum = "sha256:6e7241b51e6817ea6a047693d8e6fed13b31819c9a0dd6c5a726e1592d22f6e9"
url = "https://github.com/rhysd/actionlint/releases/download/v1.7.12/actionlint_1.7.12_windows_amd64.zip"
url_api = "https://api.github.com/repos/rhysd/actionlint/releases/assets/384924919"
provenance = "github-attestations"

[[tools.node]]
version = "24.20.0"
backend = "core:node"

[tools.node."platforms.linux-arm64"]
checksum = "sha256:3515603e2487879a39bc75716f1a2affd027500c64ba50e845cf72cb33219013"
url = "https://nodejs.org/dist/v24.20.0/node-v24.20.0-linux-arm64.tar.gz"

[tools.node."platforms.linux-arm64-musl"]
checksum = "sha256:2c8c507ccb0f20812d9526ba8ca454b1652aadef68fc8bad06f07fb1122dd1ef"
url = "https://unofficial-builds.nodejs.org/download/release/v24.20.0/node-v24.20.0-linux-arm64-musl.tar.gz"

[tools.node."platforms.linux-x64"]
checksum = "sha256:855d581f8a4eb1a8117e3426de25fe02770592febcfb31369aee1ffbfee9e8ec"
url = "https://nodejs.org/dist/v24.20.0/node-v24.20.0-linux-x64.tar.gz"

[tools.node."platforms.linux-x64-musl"]
checksum = "sha256:9ae1399fef4bd8990e15773ce1327b336a20b9e97d8c7549f4f42ca73c43f562"
url = "https://unofficial-builds.nodejs.org/download/release/v24.20.0/node-v24.20.0-linux-x64-musl.tar.gz"

[tools.node."platforms.macos-arm64"]
checksum = "sha256:40e5607e5ecb3db9192723776da2d75d966260fc74a7a9e731c1bd67dda96bc8"
url = "https://nodejs.org/dist/v24.20.0/node-v24.20.0-darwin-arm64.tar.gz"

[tools.node."platforms.macos-x64"]
checksum = "sha256:9e5b2644cf107befb6aefca676b96d3296bc10138096f022ed378d6233ed81f4"
url = "https://nodejs.org/dist/v24.20.0/node-v24.20.0-darwin-x64.tar.gz"

[tools.node."platforms.windows-x64"]
checksum = "sha256:6cac9ffbca8f6a47091e4b5c772e0606049c3871cb67d900c0cedde630e545ba"
url = "https://nodejs.org/dist/v24.20.0/node-v24.20.0-win-x64.zip"
